
Microsoft Visual Studio Solution File, Format Version 12.00
# Visual Studio Version 17
VisualStudioVersion = 17.10.35013.160
MinimumVisualStudioVersion = 10.0.40219.1
Project("{8BC9CEB8-8B4A-11D0-8D11-00A0C91BC942}") = "3Lab_cpp", "3Lab_cpp\3Lab_cpp.vcxproj", "{CF9DB2B6-0A47-4DA7-8310-744FA028792B}"
EndProject
Global
	GlobalSection(SolutionConfigurationPlatforms) = preSolution
		Debug|x64 = Debug|x64
		Debug|x86 = Debug|x86
		Release|x64 = Release|x64
		Release|x86 = Release|x86
	EndGlobalSection
	GlobalSection(ProjectConfigurationPlatforms) = postSolution
		{CF9DB2B6-0A47-4DA7-8310-744FA028792B}.Debug|x64.ActiveCfg = Debug|x64
		{CF9DB2B6-0A47-4DA7-8310-744FA028792B}.Debug|x64.Build.0 = Debug|x64
		{CF9DB2B6-0A47-4DA7-8310-744FA028792B}.Debug|x86.ActiveCfg = Debug|Win32
		{CF9DB2B6-0A47-4DA7-8310-744FA028792B}.Debug|x86.Build.0 = Debug|Win32
		{CF9DB2B6-0A47-4DA7-8310-744FA028792B}.Release|x64.ActiveCfg = Release|x64
		{CF9DB2B6-0A47-4DA7-8310-744FA028792B}.Release|x64.Build.0 = Release|x64
		{CF9DB2B6-0A47-4DA7-8310-744FA028792B}.Release|x86.ActiveCfg = Release|Win32
		{CF9DB2B6-0A47-4DA7-8310-744FA028792B}.Release|x86.Build.0 = Release|Win32
	EndGlobalSection
	GlobalSection(SolutionProperties) = preSolution
		HideSolutionNode = FALSE
	EndGlobalSection
	GlobalSection(ExtensibilityGlobals) = postSolution
		SolutionGuid = {BE4E7E87-D741-4DFA-B351-EC2FE2695784}
	EndGlobalSection
EndGlobal
